
Microsoft Visual Studio Solution File, Format Version 12.00
# Visual Studio Version 16
VisualStudioVersion = 16.0.31515.178
MinimumVisualStudioVersion = 10.0.40219.1
Project("{9A19103F-16F7-4668-BE54-9A1E7A4F7556}") = "spiralMatrix", "spiralMatrix.csproj", "{99CCF189-3856-43C4-A395-8F4FFE11D57E}"
EndProject
Global
	GlobalSection(SolutionConfigurationPlatforms) = preSolution
		Debug|Any CPU = Debug|Any CPU
		Release|Any CPU = Release|Any CPU
	EndGlobalSection
	GlobalSection(ProjectConfigurationPlatforms) = postSolution
		{99CCF189-3856-43C4-A395-8F4FFE11D57E}.Debug|Any CPU.ActiveCfg = Debug|Any CPU
		{99CCF189-3856-43C4-A395-8F4FFE11D57E}.Debug|Any CPU.Build.0 = Debug|Any CPU
		{99CCF189-3856-43C4-A395-8F4FFE11D57E}.Release|Any CPU.ActiveCfg = Release|Any CPU
		{99CCF189-3856-43C4-A395-8F4FFE11D57E}.Release|Any CPU.Build.0 = Release|Any CPU
	EndGlobalSection
	GlobalSection(SolutionProperties) = preSolution
		HideSolutionNode = FALSE
	EndGlobalSection
	GlobalSection(ExtensibilityGlobals) = postSolution
		SolutionGuid = {E69CB895-DED0-446E-8EAA-AAD082A04295}
	EndGlobalSection
EndGlobal
